
Microsoft Visual Studio Solution File, Format Version 12.00
# Visual Studio Version 17
VisualStudioVersion = 17.8.34525.116
MinimumVisualStudioVersion = 10.0.40219.1
Project("{9A19103F-16F7-4668-BE54-9A1E7A4F7556}") = "DevRainBlazor", "DevRainBlazor\DevRainBlazor.csproj", "{D2F9EB80-685D-486D-A749-C5442C56ACE5}"
EndProject
Project("{9A19103F-16F7-4668-BE54-9A1E7A4F7556}") = "DevRainAPI", "DevRainAPI\DevRainAPI.csproj", "{F1DEADAE-7966-421C-8E93-CE405BB13329}"
EndProject
Project("{9A19103F-16F7-4668-BE54-9A1E7A4F7556}") = "Shared", "Shared\Shared.csproj", "{94F29EFF-22A3-4114-A170-2F36D2E77707}"
EndProject
Global
	GlobalSection(SolutionConfigurationPlatforms) = preSolution
		Debug|Any CPU = Debug|Any CPU
		Release|Any CPU = Release|Any CPU
	EndGlobalSection
	GlobalSection(ProjectConfigurationPlatforms) = postSolution
		{D2F9EB80-685D-486D-A749-C5442C56ACE5}.Debug|Any CPU.ActiveCfg = Debug|Any CPU
		{D2F9EB80-685D-486D-A749-C5442C56ACE5}.Debug|Any CPU.Build.0 = Debug|Any CPU
		{D2F9EB80-685D-486D-A749-C5442C56ACE5}.Release|Any CPU.ActiveCfg = Release|Any CPU
		{D2F9EB80-685D-486D-A749-C5442C56ACE5}.Release|Any CPU.Build.0 = Release|Any CPU
		{F1DEADAE-7966-421C-8E93-CE405BB13329}.Debug|Any CPU.ActiveCfg = Debug|Any CPU
		{F1DEADAE-7966-421C-8E93-CE405BB13329}.Debug|Any CPU.Build.0 = Debug|Any CPU
		{F1DEADAE-7966-421C-8E93-CE405BB13329}.Release|Any CPU.ActiveCfg = Release|Any CPU
		{F1DEADAE-7966-421C-8E93-CE405BB13329}.Release|Any CPU.Build.0 = Release|Any CPU
		{94F29EFF-22A3-4114-A170-2F36D2E77707}.Debug|Any CPU.ActiveCfg = Debug|Any CPU
		{94F29EFF-22A3-4114-A170-2F36D2E77707}.Debug|Any CPU.Build.0 = Debug|Any CPU
		{94F29EFF-22A3-4114-A170-2F36D2E77707}.Release|Any CPU.ActiveCfg = Release|Any CPU
		{94F29EFF-22A3-4114-A170-2F36D2E77707}.Release|Any CPU.Build.0 = Release|Any CPU
	EndGlobalSection
	GlobalSection(SolutionProperties) = preSolution
		HideSolutionNode = FALSE
	EndGlobalSection
	GlobalSection(ExtensibilityGlobals) = postSolution
		SolutionGuid = {191766A1-CB32-4CE9-819D-02A5287AF951}
	EndGlobalSection
EndGlobal
